
Microsoft Visual Studio Solution File, Format Version 12.00
# Visual Studio 15
VisualStudioVersion = 15.0.28307.645
MinimumVisualStudioVersion = 15.0.26124.0
Project("{2150E333-8FDC-42A3-9474-1A3956D46DE8}") = "src", "src", "{5DA0551B-2EC9-45BE-A377-8F6D307A730F}"
EndProject
Project("{9A19103F-16F7-4668-BE54-9A1E7A4F7556}") = "EasyProxy.Server", "src\EasyProxy.Server\EasyProxy.Server.csproj", "{3B020626-6FAC-461A-A957-CF433C6DE3C2}"
EndProject
Project("{9A19103F-16F7-4668-BE54-9A1E7A4F7556}") = "EasyProxy.Client", "src\EasyProxy.Client\EasyProxy.Client.csproj", "{69F2DCC5-EB6B-4F65-B2C6-F4579FDABE89}"
EndProject
Project("{9A19103F-16F7-4668-BE54-9A1E7A4F7556}") = "EasyProxy.Core", "src\EasyProxy.Core\EasyProxy.Core.csproj", "{7EFCD96C-F0FA-4E8C-A381-4983EE08EF48}"
EndProject
Project("{2150E333-8FDC-42A3-9474-1A3956D46DE8}") = "test", "test", "{010E951B-E54D-47C5-807D-D8716B58B347}"
EndProject
Project("{9A19103F-16F7-4668-BE54-9A1E7A4F7556}") = "EasyProxy.Server.Test", "test\EasyProxy.Server.Test\EasyProxy.Server.Test.csproj", "{00F3F13A-A7F4-4CD6-8C5A-7BFCE78AB498}"
EndProject
Project("{9A19103F-16F7-4668-BE54-9A1E7A4F7556}") = "EasyProxy.Web.Test", "test\EasyProxy.Web.Test\EasyProxy.Web.Test.csproj", "{35590C82-C040-4221-A3C0-0FEB2D41B90E}"
EndProject
Project("{9A19103F-16F7-4668-BE54-9A1E7A4F7556}") = "EasyProxy.Client.Test", "test\EasyProxy.Client.Test\EasyProxy.Client.Test.csproj", "{89B6EF29-9FEE-432B-9EB5-F2D30338A9B7}"
EndProject
Project("{9A19103F-16F7-4668-BE54-9A1E7A4F7556}") = "EasyProxy.HttpServer", "src\EasyProxy.HttpServer\EasyProxy.HttpServer.csproj", "{9FDB5227-0827-4319-9F09-88D625E4924C}"
EndProject
Global
	GlobalSection(SolutionConfigurationPlatforms) = preSolution
		Debug|Any CPU = Debug|Any CPU
		Debug|x64 = Debug|x64
		Debug|x86 = Debug|x86
		Release|Any CPU = Release|Any CPU
		Release|x64 = Release|x64
		Release|x86 = Release|x86
	EndGlobalSection
	GlobalSection(ProjectConfigurationPlatforms) = postSolution
		{3B020626-6FAC-461A-A957-CF433C6DE3C2}.Debug|Any CPU.ActiveCfg = Debug|Any CPU
		{3B020626-6FAC-461A-A957-CF433C6DE3C2}.Debug|Any CPU.Build.0 = Debug|Any CPU
		{3B020626-6FAC-461A-A957-CF433C6DE3C2}.Debug|x64.ActiveCfg = Debug|Any CPU
		{3B020626-6FAC-461A-A957-CF433C6DE3C2}.Debug|x64.Build.0 = Debug|Any CPU
		{3B020626-6FAC-461A-A957-CF433C6DE3C2}.Debug|x86.ActiveCfg = Debug|Any CPU
		{3B020626-6FAC-461A-A957-CF433C6DE3C2}.Debug|x86.Build.0 = Debug|Any CPU
		{3B020626-6FAC-461A-A957-CF433C6DE3C2}.Release|Any CPU.ActiveCfg = Release|Any CPU
		{3B020626-6FAC-461A-A957-CF433C6DE3C2}.Release|Any CPU.Build.0 = Release|Any CPU
		{3B020626-6FAC-461A-A957-CF433C6DE3C2}.Release|x64.ActiveCfg = Release|Any CPU
		{3B020626-6FAC-461A-A957-CF433C6DE3C2}.Release|x64.Build.0 = Release|Any CPU
		{3B020626-6FAC-461A-A957-CF433C6DE3C2}.Release|x86.ActiveCfg = Release|Any CPU
		{3B020626-6FAC-461A-A957-CF433C6DE3C2}.Release|x86.Build.0 = Release|Any CPU
		{69F2DCC5-EB6B-4F65-B2C6-F4579FDABE89}.Debug|Any CPU.ActiveCfg = Debug|Any CPU
		{69F2DCC5-EB6B-4F65-B2C6-F4579FDABE89}.Debug|Any CPU.Build.0 = Debug|Any CPU
		{69F2DCC5-EB6B-4F65-B2C6-F4579FDABE89}.Debug|x64.ActiveCfg = Debug|Any CPU
		{69F2DCC5-EB6B-4F65-B2C6-F4579FDABE89}.Debug|x64.Build.0 = Debug|Any CPU
		{69F2DCC5-EB6B-4F65-B2C6-F4579FDABE89}.Debug|x86.ActiveCfg = Debug|Any CPU
		{69F2DCC5-EB6B-4F65-B2C6-F4579FDABE89}.Debug|x86.Build.0 = Debug|Any CPU
		{69F2DCC5-EB6B-4F65-B2C6-F4579FDABE89}.Release|Any CPU.ActiveCfg = Release|Any CPU
		{69F2DCC5-EB6B-4F65-B2C6-F4579FDABE89}.Release|Any CPU.Build.0 = Release|Any CPU
		{69F2DCC5-EB6B-4F65-B2C6-F4579FDABE89}.Release|x64.ActiveCfg = Release|Any CPU
		{69F2DCC5-EB6B-4F65-B2C6-F4579FDABE89}.Release|x64.Build.0 = Release|Any CPU
		{69F2DCC5-EB6B-4F65-B2C6-F4579FDABE89}.Release|x86.ActiveCfg = Release|Any CPU
		{69F2DCC5-EB6B-4F65-B2C6-F4579FDABE89}.Release|x86.Build.0 = Release|Any CPU
		{7EFCD96C-F0FA-4E8C-A381-4983EE08EF48}.Debug|Any CPU.ActiveCfg = Debug|Any CPU
		{7EFCD96C-F0FA-4E8C-A381-4983EE08EF48}.Debug|Any CPU.Build.0 = Debug|Any CPU
		{7EFCD96C-F0FA-4E8C-A381-4983EE08EF48}.Debug|x64.ActiveCfg = Debug|Any CPU
		{7EFCD96C-F0FA-4E8C-A381-4983EE08EF48}.Debug|x64.Build.0 = Debug|Any CPU
		{7EFCD96C-F0FA-4E8C-A381-4983EE08EF48}.Debug|x86.ActiveCfg = Debug|Any CPU
		{7EFCD96C-F0FA-4E8C-A381-4983EE08EF48}.Debug|x86.Build.0 = Debug|Any CPU
		{7EFCD96C-F0FA-4E8C-A381-4983EE08EF48}.Release|Any CPU.ActiveCfg = Release|Any CPU
		{7EFCD96C-F0FA-4E8C-A381-4983EE08EF48}.Release|Any CPU.Build.0 = Release|Any CPU
		{7EFCD96C-F0FA-4E8C-A381-4983EE08EF48}.Release|x64.ActiveCfg = Release|Any CPU
		{7EFCD96C-F0FA-4E8C-A381-4983EE08EF48}.Release|x64.Build.0 = Release|Any CPU
		{7EFCD96C-F0FA-4E8C-A381-4983EE08EF48}.Release|x86.ActiveCfg = Release|Any CPU
		{7EFCD96C-F0FA-4E8C-A381-4983EE08EF48}.Release|x86.Build.0 = Release|Any CPU
		{00F3F13A-A7F4-4CD6-8C5A-7BFCE78AB498}.Debug|Any CPU.ActiveCfg = Debug|Any CPU
		{00F3F13A-A7F4-4CD6-8C5A-7BFCE78AB498}.Debug|Any CPU.Build.0 = Debug|Any CPU
		{00F3F13A-A7F4-4CD6-8C5A-7BFCE78AB498}.Debug|x64.ActiveCfg = Debug|Any CPU
		{00F3F13A-A7F4-4CD6-8C5A-7BFCE78AB498}.Debug|x64.Build.0 = Debug|Any CPU
		{00F3F13A-A7F4-4CD6-8C5A-7BFCE78AB498}.Debug|x86.ActiveCfg = Debug|Any CPU
		{00F3F13A-A7F4-4CD6-8C5A-7BFCE78AB498}.Debug|x86.Build.0 = Debug|Any CPU
		{00F3F13A-A7F4-4CD6-8C5A-7BFCE78AB498}.Release|Any CPU.ActiveCfg = Release|Any CPU
		{00F3F13A-A7F4-4CD6-8C5A-7BFCE78AB498}.Release|Any CPU.Build.0 = Release|Any CPU
		{00F3F13A-A7F4-4CD6-8C5A-7BFCE78AB498}.Release|x64.ActiveCfg = Release|Any CPU
		{00F3F13A-A7F4-4CD6-8C5A-7BFCE78AB498}.Release|x64.Build.0 = Release|Any CPU
		{00F3F13A-A7F4-4CD6-8C5A-7BFCE78AB498}.Release|x86.ActiveCfg = Release|Any CPU
		{00F3F13A-A7F4-4CD6-8C5A-7BFCE78AB498}.Release|x86.Build.0 = Release|Any CPU
		{35590C82-C040-4221-A3C0-0FEB2D41B90E}.Debug|Any CPU.ActiveCfg = Debug|Any CPU
		{35590C82-C040-4221-A3C0-0FEB2D41B90E}.Debug|Any CPU.Build.0 = Debug|Any CPU
		{35590C82-C040-4221-A3C0-0FEB2D41B90E}.Debug|x64.ActiveCfg = Debug|Any CPU
		{35590C82-C040-4221-A3C0-0FEB2D41B90E}.Debug|x64.Build.0 = Debug|Any CPU
		{35590C82-C040-4221-A3C0-0FEB2D41B90E}.Debug|x86.ActiveCfg = Debug|Any CPU
		{35590C82-C040-4221-A3C0-0FEB2D41B90E}.Debug|x86.Build.0 = Debug|Any CPU
		{35590C82-C040-4221-A3C0-0FEB2D41B90E}.Release|Any CPU.ActiveCfg = Release|Any CPU
		{35590C82-C040-4221-A3C0-0FEB2D41B90E}.Release|Any CPU.Build.0 = Release|Any CPU
		{35590C82-C040-4221-A3C0-0FEB2D41B90E}.Release|x64.ActiveCfg = Release|Any CPU
		{35590C82-C040-4221-A3C0-0FEB2D41B90E}.Release|x64.Build.0 = Release|Any CPU
		{35590C82-C040-4221-A3C0-0FEB2D41B90E}.Release|x86.ActiveCfg = Release|Any CPU
		{35590C82-C040-4221-A3C0-0FEB2D41B90E}.Release|x86.Build.0 = Release|Any CPU
		{89B6EF29-9FEE-432B-9EB5-F2D30338A9B7}.Debug|Any CPU.ActiveCfg = Debug|Any CPU
		{89B6EF29-9FEE-432B-9EB5-F2D30338A9B7}.Debug|Any CPU.Build.0 = Debug|Any CPU
		{89B6EF29-9FEE-432B-9EB5-F2D30338A9B7}.Debug|x64.ActiveCfg = Debug|Any CPU
		{89B6EF29-9FEE-432B-9EB5-F2D30338A9B7}.Debug|x64.Build.0 = Debug|Any CPU
		{89B6EF29-9FEE-432B-9EB5-F2D30338A9B7}.Debug|x86.ActiveCfg = Debug|Any CPU
		{89B6EF29-9FEE-432B-9EB5-F2D30338A9B7}.Debug|x86.Build.0 = Debug|Any CPU
		{89B6EF29-9FEE-432B-9EB5-F2D30338A9B7}.Release|Any CPU.ActiveCfg = Release|Any CPU
		{89B6EF29-9FEE-432B-9EB5-F2D30338A9B7}.Release|Any CPU.Build.0 = Release|Any CPU
		{89B6EF29-9FEE-432B-9EB5-F2D30338A9B7}.Release|x64.ActiveCfg = Release|Any CPU
		{89B6EF29-9FEE-432B-9EB5-F2D30338A9B7}.Release|x64.Build.0 = Release|Any CPU
		{89B6EF29-9FEE-432B-9EB5-F2D30338A9B7}.Release|x86.ActiveCfg = Release|Any CPU
		{89B6EF29-9FEE-432B-9EB5-F2D30338A9B7}.Release|x86.Build.0 = Release|Any CPU
		{9FDB5227-0827-4319-9F09-88D625E4924C}.Debug|Any CPU.ActiveCfg = Debug|Any CPU
		{9FDB5227-0827-4319-9F09-88D625E4924C}.Debug|Any CPU.Build.0 = Debug|Any CPU
		{9FDB5227-0827-4319-9F09-88D625E4924C}.Debug|x64.ActiveCfg = Debug|Any CPU
		{9FDB5227-0827-4319-9F09-88D625E4924C}.Debug|x64.Build.0 = Debug|Any CPU
		{9FDB5227-0827-4319-9F09-88D625E4924C}.Debug|x86.ActiveCfg = Debug|Any CPU
		{9FDB5227-0827-4319-9F09-88D625E4924C}.Debug|x86.Build.0 = Debug|Any CPU
		{9FDB5227-0827-4319-9F09-88D625E4924C}.Release|Any CPU.ActiveCfg = Release|Any CPU
		{9FDB5227-0827-4319-9F09-88D625E4924C}.Release|Any CPU.Build.0 = Release|Any CPU
		{9FDB5227-0827-4319-9F09-88D625E4924C}.Release|x64.ActiveCfg = Release|Any CPU
		{9FDB5227-0827-4319-9F09-88D625E4924C}.Release|x64.Build.0 = Release|Any CPU
		{9FDB5227-0827-4319-9F09-88D625E4924C}.Release|x86.ActiveCfg = Release|Any CPU
		{9FDB5227-0827-4319-9F09-88D625E4924C}.Release|x86.Build.0 = Release|Any CPU
	EndGlobalSection
	GlobalSection(SolutionProperties) = preSolution
		HideSolutionNode = FALSE
	EndGlobalSection
	GlobalSection(NestedProjects) = preSolution
		{3B020626-6FAC-461A-A957-CF433C6DE3C2} = {5DA0551B-2EC9-45BE-A377-8F6D307A730F}
		{69F2DCC5-EB6B-4F65-B2C6-F4579FDABE89} = {5DA0551B-2EC9-45BE-A377-8F6D307A730F}
		{7EFCD96C-F0FA-4E8C-A381-4983EE08EF48} = {5DA0551B-2EC9-45BE-A377-8F6D307A730F}
		{00F3F13A-A7F4-4CD6-8C5A-7BFCE78AB498} = {010E951B-E54D-47C5-807D-D8716B58B347}
		{35590C82-C040-4221-A3C0-0FEB2D41B90E} = {010E951B-E54D-47C5-807D-D8716B58B347}
		{89B6EF29-9FEE-432B-9EB5-F2D30338A9B7} = {010E951B-E54D-47C5-807D-D8716B58B347}
		{9FDB5227-0827-4319-9F09-88D625E4924C} = {5DA0551B-2EC9-45BE-A377-8F6D307A730F}
	EndGlobalSection
	GlobalSection(ExtensibilityGlobals) = postSolution
		SolutionGuid = {6477C2EE-7EC2-4399-9E13-8F5A8E2CDC81}
	EndGlobalSection
EndGlobal
