
Microsoft Visual Studio Solution File, Format Version 12.00
# Visual Studio Version 16
VisualStudioVersion = 16.0.28922.388
MinimumVisualStudioVersion = 15.0.26124.0
Project("{2150E333-8FDC-42A3-9474-1A3956D46DE8}") = "src", "src", "{5DA0551B-2EC9-45BE-A377-8F6D307A730F}"
EndProject
Project("{9A19103F-16F7-4668-BE54-9A1E7A4F7556}") = "EasyProxy.Server", "src\EasyProxy.Server\EasyProxy.Server.csproj", "{3B020626-6FAC-461A-A957-CF433C6DE3C2}"
EndProject
Project("{9A19103F-16F7-4668-BE54-9A1E7A4F7556}") = "EasyProxy.Client", "src\EasyProxy.Client\EasyProxy.Client.csproj", "{69F2DCC5-EB6B-4F65-B2C6-F4579FDABE89}"
EndProject
Project("{9A19103F-16F7-4668-BE54-9A1E7A4F7556}") = "EasyProxy.Core", "src\EasyProxy.Core\EasyProxy.Core.csproj", "{7EFCD96C-F0FA-4E8C-A381-4983EE08EF48}"
EndProject
Project("{2150E333-8FDC-42A3-9474-1A3956D46DE8}") = "test", "test", "{010E951B-E54D-47C5-807D-D8716B58B347}"
EndProject
Project("{FAE04EC0-301F-11D3-BF4B-00C04F79EFBC}") = "EasyProxy.Client.Test", "EasyProxy.Client.Test\EasyProxy.Client.Test.csproj", "{7212F94E-39C7-4449-B56F-B5C6F5E00AE1}"
EndProject
Project("{FAE04EC0-301F-11D3-BF4B-00C04F79EFBC}") = "EasyProxy.Server.Test", "EasyProxy.Server.Test\EasyProxy.Server.Test.csproj", "{5A3FE44C-FFEB-42B8-85DC-728BD49F7237}"
EndProject
Global
	GlobalSection(SolutionConfigurationPlatforms) = preSolution
		Debug|Any CPU = Debug|Any CPU
		Debug|x64 = Debug|x64
		Debug|x86 = Debug|x86
		Release|Any CPU = Release|Any CPU
		Release|x64 = Release|x64
		Release|x86 = Release|x86
	EndGlobalSection
	GlobalSection(ProjectConfigurationPlatforms) = postSolution
		{3B020626-6FAC-461A-A957-CF433C6DE3C2}.Debug|Any CPU.ActiveCfg = Debug|Any CPU
		{3B020626-6FAC-461A-A957-CF433C6DE3C2}.Debug|Any CPU.Build.0 = Debug|Any CPU
		{3B020626-6FAC-461A-A957-CF433C6DE3C2}.Debug|x64.ActiveCfg = Debug|Any CPU
		{3B020626-6FAC-461A-A957-CF433C6DE3C2}.Debug|x64.Build.0 = Debug|Any CPU
		{3B020626-6FAC-461A-A957-CF433C6DE3C2}.Debug|x86.ActiveCfg = Debug|Any CPU
		{3B020626-6FAC-461A-A957-CF433C6DE3C2}.Debug|x86.Build.0 = Debug|Any CPU
		{3B020626-6FAC-461A-A957-CF433C6DE3C2}.Release|Any CPU.ActiveCfg = Release|Any CPU
		{3B020626-6FAC-461A-A957-CF433C6DE3C2}.Release|Any CPU.Build.0 = Release|Any CPU
		{3B020626-6FAC-461A-A957-CF433C6DE3C2}.Release|x64.ActiveCfg = Release|Any CPU
		{3B020626-6FAC-461A-A957-CF433C6DE3C2}.Release|x64.Build.0 = Release|Any CPU
		{3B020626-6FAC-461A-A957-CF433C6DE3C2}.Release|x86.ActiveCfg = Release|Any CPU
		{3B020626-6FAC-461A-A957-CF433C6DE3C2}.Release|x86.Build.0 = Release|Any CPU
		{69F2DCC5-EB6B-4F65-B2C6-F4579FDABE89}.Debug|Any CPU.ActiveCfg = Debug|Any CPU
		{69F2DCC5-EB6B-4F65-B2C6-F4579FDABE89}.Debug|Any CPU.Build.0 = Debug|Any CPU
		{69F2DCC5-EB6B-4F65-B2C6-F4579FDABE89}.Debug|x64.ActiveCfg = Debug|Any CPU
		{69F2DCC5-EB6B-4F65-B2C6-F4579FDABE89}.Debug|x64.Build.0 = Debug|Any CPU
		{69F2DCC5-EB6B-4F65-B2C6-F4579FDABE89}.Debug|x86.ActiveCfg = Debug|Any CPU
		{69F2DCC5-EB6B-4F65-B2C6-F4579FDABE89}.Debug|x86.Build.0 = Debug|Any CPU
		{69F2DCC5-EB6B-4F65-B2C6-F4579FDABE89}.Release|Any CPU.ActiveCfg = Release|Any CPU
		{69F2DCC5-EB6B-4F65-B2C6-F4579FDABE89}.Release|Any CPU.Build.0 = Release|Any CPU
		{69F2DCC5-EB6B-4F65-B2C6-F4579FDABE89}.Release|x64.ActiveCfg = Release|Any CPU
		{69F2DCC5-EB6B-4F65-B2C6-F4579FDABE89}.Release|x64.Build.0 = Release|Any CPU
		{69F2DCC5-EB6B-4F65-B2C6-F4579FDABE89}.Release|x86.ActiveCfg = Release|Any CPU
		{69F2DCC5-EB6B-4F65-B2C6-F4579FDABE89}.Release|x86.Build.0 = Release|Any CPU
		{7EFCD96C-F0FA-4E8C-A381-4983EE08EF48}.Debug|Any CPU.ActiveCfg = Debug|Any CPU
		{7EFCD96C-F0FA-4E8C-A381-4983EE08EF48}.Debug|Any CPU.Build.0 = Debug|Any CPU
		{7EFCD96C-F0FA-4E8C-A381-4983EE08EF48}.Debug|x64.ActiveCfg = Debug|Any CPU
		{7EFCD96C-F0FA-4E8C-A381-4983EE08EF48}.Debug|x64.Build.0 = Debug|Any CPU
		{7EFCD96C-F0FA-4E8C-A381-4983EE08EF48}.Debug|x86.ActiveCfg = Debug|Any CPU
		{7EFCD96C-F0FA-4E8C-A381-4983EE08EF48}.Debug|x86.Build.0 = Debug|Any CPU
		{7EFCD96C-F0FA-4E8C-A381-4983EE08EF48}.Release|Any CPU.ActiveCfg = Release|Any CPU
		{7EFCD96C-F0FA-4E8C-A381-4983EE08EF48}.Release|Any CPU.Build.0 = Release|Any CPU
		{7EFCD96C-F0FA-4E8C-A381-4983EE08EF48}.Release|x64.ActiveCfg = Release|Any CPU
		{7EFCD96C-F0FA-4E8C-A381-4983EE08EF48}.Release|x64.Build.0 = Release|Any CPU
		{7EFCD96C-F0FA-4E8C-A381-4983EE08EF48}.Release|x86.ActiveCfg = Release|Any CPU
		{7EFCD96C-F0FA-4E8C-A381-4983EE08EF48}.Release|x86.Build.0 = Release|Any CPU
		{7212F94E-39C7-4449-B56F-B5C6F5E00AE1}.Debug|Any CPU.ActiveCfg = Debug|Any CPU
		{7212F94E-39C7-4449-B56F-B5C6F5E00AE1}.Debug|Any CPU.Build.0 = Debug|Any CPU
		{7212F94E-39C7-4449-B56F-B5C6F5E00AE1}.Debug|x64.ActiveCfg = Debug|Any CPU
		{7212F94E-39C7-4449-B56F-B5C6F5E00AE1}.Debug|x64.Build.0 = Debug|Any CPU
		{7212F94E-39C7-4449-B56F-B5C6F5E00AE1}.Debug|x86.ActiveCfg = Debug|Any CPU
		{7212F94E-39C7-4449-B56F-B5C6F5E00AE1}.Debug|x86.Build.0 = Debug|Any CPU
		{7212F94E-39C7-4449-B56F-B5C6F5E00AE1}.Release|Any CPU.ActiveCfg = Release|Any CPU
		{7212F94E-39C7-4449-B56F-B5C6F5E00AE1}.Release|Any CPU.Build.0 = Release|Any CPU
		{7212F94E-39C7-4449-B56F-B5C6F5E00AE1}.Release|x64.ActiveCfg = Release|Any CPU
		{7212F94E-39C7-4449-B56F-B5C6F5E00AE1}.Release|x64.Build.0 = Release|Any CPU
		{7212F94E-39C7-4449-B56F-B5C6F5E00AE1}.Release|x86.ActiveCfg = Release|Any CPU
		{7212F94E-39C7-4449-B56F-B5C6F5E00AE1}.Release|x86.Build.0 = Release|Any CPU
		{5A3FE44C-FFEB-42B8-85DC-728BD49F7237}.Debug|Any CPU.ActiveCfg = Debug|Any CPU
		{5A3FE44C-FFEB-42B8-85DC-728BD49F7237}.Debug|Any CPU.Build.0 = Debug|Any CPU
		{5A3FE44C-FFEB-42B8-85DC-728BD49F7237}.Debug|x64.ActiveCfg = Debug|Any CPU
		{5A3FE44C-FFEB-42B8-85DC-728BD49F7237}.Debug|x64.Build.0 = Debug|Any CPU
		{5A3FE44C-FFEB-42B8-85DC-728BD49F7237}.Debug|x86.ActiveCfg = Debug|Any CPU
		{5A3FE44C-FFEB-42B8-85DC-728BD49F7237}.Debug|x86.Build.0 = Debug|Any CPU
		{5A3FE44C-FFEB-42B8-85DC-728BD49F7237}.Release|Any CPU.ActiveCfg = Release|Any CPU
		{5A3FE44C-FFEB-42B8-85DC-728BD49F7237}.Release|Any CPU.Build.0 = Release|Any CPU
		{5A3FE44C-FFEB-42B8-85DC-728BD49F7237}.Release|x64.ActiveCfg = Release|Any CPU
		{5A3FE44C-FFEB-42B8-85DC-728BD49F7237}.Release|x64.Build.0 = Release|Any CPU
		{5A3FE44C-FFEB-42B8-85DC-728BD49F7237}.Release|x86.ActiveCfg = Release|Any CPU
		{5A3FE44C-FFEB-42B8-85DC-728BD49F7237}.Release|x86.Build.0 = Release|Any CPU
	EndGlobalSection
	GlobalSection(SolutionProperties) = preSolution
		HideSolutionNode = FALSE
	EndGlobalSection
	GlobalSection(NestedProjects) = preSolution
		{3B020626-6FAC-461A-A957-CF433C6DE3C2} = {5DA0551B-2EC9-45BE-A377-8F6D307A730F}
		{69F2DCC5-EB6B-4F65-B2C6-F4579FDABE89} = {5DA0551B-2EC9-45BE-A377-8F6D307A730F}
		{7EFCD96C-F0FA-4E8C-A381-4983EE08EF48} = {5DA0551B-2EC9-45BE-A377-8F6D307A730F}
		{7212F94E-39C7-4449-B56F-B5C6F5E00AE1} = {010E951B-E54D-47C5-807D-D8716B58B347}
		{5A3FE44C-FFEB-42B8-85DC-728BD49F7237} = {010E951B-E54D-47C5-807D-D8716B58B347}
	EndGlobalSection
	GlobalSection(ExtensibilityGlobals) = postSolution
		SolutionGuid = {6477C2EE-7EC2-4399-9E13-8F5A8E2CDC81}
	EndGlobalSection
EndGlobal
